// !$*UTF8*$!
{
	archiveVersion = 1;
	classes = {
	};
	objectVersion = 46;
	objects = {

/* Begin PBXBuildFile section */
		40B9ED221BA7D444008937F0 /* NSTextAttachment+ILText.m in Sources */ = {isa = PBXBuildFile; fileRef = 40B9ED211BA7D444008937F0 /* NSTextAttachment+ILText.m */; };
		BB42C1A61B74FE2500FAF2DB /* main.m in Sources */ = {isa = PBXBuildFile; fileRef = BB42C1A51B74FE2500FAF2DB /* main.m */; };
		BB42C1A91B74FE2500FAF2DB /* AppDelegate.m in Sources */ = {isa = PBXBuildFile; fileRef = BB42C1A81B74FE2500FAF2DB /* AppDelegate.m */; };
		BB42C1AC1B74FE2500FAF2DB /* ViewController.m in Sources */ = {isa = PBXBuildFile; fileRef = BB42C1AB1B74FE2500FAF2DB /* ViewController.m */; };
		BB42C1AF1B74FE2500FAF2DB /* Main.storyboard in Resources */ = {isa = PBXBuildFile; fileRef = BB42C1AD1B74FE2500FAF2DB /* Main.storyboard */; };
		BB42C1B11B74FE2500FAF2DB /* Images.xcassets in Resources */ = {isa = PBXBuildFile; fileRef = BB42C1B01B74FE2500FAF2DB /* Images.xcassets */; };
		BB42C1B41B74FE2500FAF2DB /* LaunchScreen.xib in Resources */ = {isa = PBXBuildFile; fileRef = BB42C1B21B74FE2500FAF2DB /* LaunchScreen.xib */; };
		BB42C1C01B74FE2500FAF2DB /* TextKitDemoTests.m in Sources */ = {isa = PBXBuildFile; fileRef = BB42C1BF1B74FE2500FAF2DB /* TextKitDemoTests.m */; };
		BB42C1CB1B74FE6600FAF2DB /* ILTextAttachment.m in Sources */ = {isa = PBXBuildFile; fileRef = BB42C1CA1B74FE6600FAF2DB /* ILTextAttachment.m */; };
		BB42C1CE1B75041500FAF2DB /* ILAttributedStringGenerator.m in Sources */ = {isa = PBXBuildFile; fileRef = BB42C1CD1B75041500FAF2DB /* ILAttributedStringGenerator.m */; };
		BB42C1D11B75124400FAF2DB /* StrHeight.m in Sources */ = {isa = PBXBuildFile; fileRef = BB42C1D01B75124400FAF2DB /* StrHeight.m */; };
/* End PBXBuildFile section */

/* Begin PBXContainerItemProxy section */
		BB42C1BA1B74FE2500FAF2DB /* PBXContainerItemProxy */ = {
			isa = PBXContainerItemProxy;
			containerPortal = BB42C1981B74FE2500FAF2DB /* Project object */;
			proxyType = 1;
			remoteGlobalIDString = BB42C19F1B74FE2500FAF2DB;
			remoteInfo = TextKitDemo;
		};
/* End PBXContainerItemProxy section */

/* Begin PBXFileReference section */
		40B9ED201BA7D444008937F0 /* NSTextAttachment+ILText.h */ = {isa = PBXFileReference; fileEncoding = 4; lastKnownFileType = sourcecode.c.h; path = "NSTextAttachment+ILText.h"; sourceTree = "<group>"; };
		40B9ED211BA7D444008937F0 /* NSTextAttachment+ILText.m */ = {isa = PBXFileReference; fileEncoding = 4; lastKnownFileType = sourcecode.c.objc; path = "NSTextAttachment+ILText.m"; sourceTree = "<group>"; };
		BB42C1A01B74FE2500FAF2DB /* TextKitDemo.app */ = {isa = PBXFileReference; explicitFileType = wrapper.application; includeInIndex = 0; path = TextKitDemo.app; sourceTree = BUILT_PRODUCTS_DIR; };
		BB42C1A41B74FE2500FAF2DB /* Info.plist */ = {isa = PBXFileReference; lastKnownFileType = text.plist.xml; path = Info.plist; sourceTree = "<group>"; };
		BB42C1A51B74FE2500FAF2DB /* main.m */ = {isa = PBXFileReference; lastKnownFileType = sourcecode.c.objc; path = main.m; sourceTree = "<group>"; };
		BB42C1A71B74FE2500FAF2DB /* AppDelegate.h */ = {isa = PBXFileReference; lastKnownFileType = sourcecode.c.h; path = AppDelegate.h; sourceTree = "<group>"; };
		BB42C1A81B74FE2500FAF2DB /* AppDelegate.m */ = {isa = PBXFileReference; lastKnownFileType = sourcecode.c.objc; path = AppDelegate.m; sourceTree = "<group>"; };
		BB42C1AA1B74FE2500FAF2DB /* ViewController.h */ = {isa = PBXFileReference; lastKnownFileType = sourcecode.c.h; path = ViewController.h; sourceTree = "<group>"; };
		BB42C1AB1B74FE2500FAF2DB /* ViewController.m */ = {isa = PBXFileReference; lastKnownFileType = sourcecode.c.objc; path = ViewController.m; sourceTree = "<group>"; };
		BB42C1AE1B74FE2500FAF2DB /* Base */ = {isa = PBXFileReference; lastKnownFileType = file.storyboard; name = Base; path = Base.lproj/Main.storyboard; sourceTree = "<group>"; };
		BB42C1B01B74FE2500FAF2DB /* Images.xcassets */ = {isa = PBXFileReference; lastKnownFileType = folder.assetcatalog; path = Images.xcassets; sourceTree = "<group>"; };
		BB42C1B31B74FE2500FAF2DB /* Base */ = {isa = PBXFileReference; lastKnownFileType = file.xib; name = Base; path = Base.lproj/LaunchScreen.xib; sourceTree = "<group>"; };
		BB42C1B91B74FE2500FAF2DB /* TextKitDemoTests.xctest */ = {isa = PBXFileReference; explicitFileType = wrapper.cfbundle; includeInIndex = 0; path = TextKitDemoTests.xctest; sourceTree = BUILT_PRODUCTS_DIR; };
		BB42C1BE1B74FE2500FAF2DB /* Info.plist */ = {isa = PBXFileReference; lastKnownFileType = text.plist.xml; path = Info.plist; sourceTree = "<group>"; };
		BB42C1BF1B74FE2500FAF2DB /* TextKitDemoTests.m */ = {isa = PBXFileReference; lastKnownFileType = sourcecode.c.objc; path = TextKitDemoTests.m; sourceTree = "<group>"; };
		BB42C1C91B74FE6600FAF2DB /* ILTextAttachment.h */ = {isa = PBXFileReference; fileEncoding = 4; lastKnownFileType = sourcecode.c.h; path = ILTextAttachment.h; sourceTree = "<group>"; };
		BB42C1CA1B74FE6600FAF2DB /* ILTextAttachment.m */ = {isa = PBXFileReference; fileEncoding = 4; lastKnownFileType = sourcecode.c.objc; path = ILTextAttachment.m; sourceTree = "<group>"; };
		BB42C1CC1B75041500FAF2DB /* ILAttributedStringGenerator.h */ = {isa = PBXFileReference; fileEncoding = 4; lastKnownFileType = sourcecode.c.h; path = ILAttributedStringGenerator.h; sourceTree = "<group>"; };
		BB42C1CD1B75041500FAF2DB /* ILAttributedStringGenerator.m */ = {isa = PBXFileReference; fileEncoding = 4; lastKnownFileType = sourcecode.c.objc; path = ILAttributedStringGenerator.m; sourceTree = "<group>"; };
		BB42C1CF1B75124400FAF2DB /* StrHeight.h */ = {isa = PBXFileReference; fileEncoding = 4; lastKnownFileType = sourcecode.c.h; path = StrHeight.h; sourceTree = "<group>"; };
		BB42C1D01B75124400FAF2DB /* StrHeight.m */ = {isa = PBXFileReference; fileEncoding = 4; lastKnownFileType = sourcecode.c.objc; path = StrHeight.m; sourceTree = "<group>"; };
/* End PBXFileReference section */

/* Begin PBXFrameworksBuildPhase section */
		BB42C19D1B74FE2500FAF2DB /* Frameworks */ = {
			isa = PBXFrameworksBuildPhase;
			buildActionMask = 2147483647;
			files = (
			);
			runOnlyForDeploymentPostprocessing = 0;
		};
		BB42C1B61B74FE2500FAF2DB /* Frameworks */ = {
			isa = PBXFrameworksBuildPhase;
			buildActionMask = 2147483647;
			files = (
			);
			runOnlyForDeploymentPostprocessing = 0;
		};
/* End PBXFrameworksBuildPhase section */

/* Begin PBXGroup section */
		BB42C1971B74FE2500FAF2DB = {
			isa = PBXGroup;
			children = (
				BB42C1A21B74FE2500FAF2DB /* TextKitDemo */,
				BB42C1BC1B74FE2500FAF2DB /* TextKitDemoTests */,
				BB42C1A11B74FE2500FAF2DB /* Products */,
			);
			sourceTree = "<group>";
		};
		BB42C1A11B74FE2500FAF2DB /* Products */ = {
			isa = PBXGroup;
			children = (
				BB42C1A01B74FE2500FAF2DB /* TextKitDemo.app */,
				BB42C1B91B74FE2500FAF2DB /* TextKitDemoTests.xctest */,
			);
			name = Products;
			sourceTree = "<group>";
		};
		BB42C1A21B74FE2500FAF2DB /* TextKitDemo */ = {
			isa = PBXGroup;
			children = (
				BB42C1A71B74FE2500FAF2DB /* AppDelegate.h */,
				BB42C1A81B74FE2500FAF2DB /* AppDelegate.m */,
				BB42C1AA1B74FE2500FAF2DB /* ViewController.h */,
				BB42C1AB1B74FE2500FAF2DB /* ViewController.m */,
				BB42C1AD1B74FE2500FAF2DB /* Main.storyboard */,
				BB42C1B01B74FE2500FAF2DB /* Images.xcassets */,
				BB42C1B21B74FE2500FAF2DB /* LaunchScreen.xib */,
				BB42C1A31B74FE2500FAF2DB /* Supporting Files */,
				BB42C1C91B74FE6600FAF2DB /* ILTextAttachment.h */,
				BB42C1CA1B74FE6600FAF2DB /* ILTextAttachment.m */,
				BB42C1CC1B75041500FAF2DB /* ILAttributedStringGenerator.h */,
				BB42C1CD1B75041500FAF2DB /* ILAttributedStringGenerator.m */,
				40B9ED201BA7D444008937F0 /* NSTextAttachment+ILText.h */,
				40B9ED211BA7D444008937F0 /* NSTextAttachment+ILText.m */,
				BB42C1CF1B75124400FAF2DB /* StrHeight.h */,
				BB42C1D01B75124400FAF2DB /* StrHeight.m */,
			);
			path = TextKitDemo;
			sourceTree = "<group>";
		};
		BB42C1A31B74FE2500FAF2DB /* Supporting Files */ = {
			isa = PBXGroup;
			children = (
				BB42C1A41B74FE2500FAF2DB /* Info.plist */,
				BB42C1A51B74FE2500FAF2DB /* main.m */,
			);
			name = "Supporting Files";
			sourceTree = "<group>";
		};
		BB42C1BC1B74FE2500FAF2DB /* TextKitDemoTests */ = {
			isa = PBXGroup;
			children = (
				BB42C1BF1B74FE2500FAF2DB /* TextKitDemoTests.m */,
				BB42C1BD1B74FE2500FAF2DB /* Supporting Files */,
			);
			path = TextKitDemoTests;
			sourceTree = "<group>";
		};
		BB42C1BD1B74FE2500FAF2DB /* Supporting Files */ = {
			isa = PBXGroup;
			children = (
				BB42C1BE1B74FE2500FAF2DB /* Info.plist */,
			);
			name = "Supporting Files";
			sourceTree = "<group>";
		};
/* End PBXGroup section */

/* Begin PBXNativeTarget section */
		BB42C19F1B74FE2500FAF2DB /* TextKitDemo */ = {
			isa = PBXNativeTarget;
			buildConfigurationList = BB42C1C31B74FE2500FAF2DB /* Build configuration list for PBXNativeTarget "TextKitDemo" */;
			buildPhases = (
				BB42C19C1B74FE2500FAF2DB /* Sources */,
				BB42C19D1B74FE2500FAF2DB /* Frameworks */,
				BB42C19E1B74FE2500FAF2DB /* Resources */,
			);
			buildRules = (
			);
			dependencies = (
			);
			name = TextKitDemo;
			productName = TextKitDemo;
			productReference = BB42C1A01B74FE2500FAF2DB /* TextKitDemo.app */;
			productType = "com.apple.product-type.application";
		};
		BB42C1B81B74FE2500FAF2DB /* TextKitDemoTests */ = {
			isa = PBXNativeTarget;
			buildConfigurationList = BB42C1C61B74FE2500FAF2DB /* Build configuration list for PBXNativeTarget "TextKitDemoTests" */;
			buildPhases = (
				BB42C1B51B74FE2500FAF2DB /* Sources */,
				BB42C1B61B74FE2500FAF2DB /* Frameworks */,
				BB42C1B71B74FE2500FAF2DB /* Resources */,
			);
			buildRules = (
			);
			dependencies = (
				BB42C1BB1B74FE2500FAF2DB /* PBXTargetDependency */,
			);
			name = TextKitDemoTests;
			productName = TextKitDemoTests;
			productReference = BB42C1B91B74FE2500FAF2DB /* TextKitDemoTests.xctest */;
			productType = "com.apple.product-type.bundle.unit-test";
		};
/* End PBXNativeTarget section */

/* Begin PBXProject section */
		BB42C1981B74FE2500FAF2DB /* Project object */ = {
			isa = PBXProject;
			attributes = {
				LastUpgradeCheck = 0640;
				ORGANIZATIONNAME = Azureland;
				TargetAttributes = {
					BB42C19F1B74FE2500FAF2DB = {
						CreatedOnToolsVersion = 6.4;
					};
					BB42C1B81B74FE2500FAF2DB = {
						CreatedOnToolsVersion = 6.4;
						TestTargetID = BB42C19F1B74FE2500FAF2DB;
					};
				};
			};
			buildConfigurationList = BB42C19B1B74FE2500FAF2DB /* Build configuration list for PBXProject "TextKitDemo" */;
			compatibilityVersion = "Xcode 3.2";
			developmentRegion = English;
			hasScannedForEncodings = 0;
			knownRegions = (
				en,
				Base,
			);
			mainGroup = BB42C1971B74FE2500FAF2DB;
			productRefGroup = BB42C1A11B74FE2500FAF2DB /* Products */;
			projectDirPath = "";
			projectRoot = "";
			targets = (
				BB42C19F1B74FE2500FAF2DB /* TextKitDemo */,
				BB42C1B81B74FE2500FAF2DB /* TextKitDemoTests */,
			);
		};
/* End PBXProject section */

/* Begin PBXResourcesBuildPhase section */
		BB42C19E1B74FE2500FAF2DB /* Resources */ = {
			isa = PBXResourcesBuildPhase;
			buildActionMask = 2147483647;
			files = (
				BB42C1AF1B74FE2500FAF2DB /* Main.storyboard in Resources */,
				BB42C1B41B74FE2500FAF2DB /* LaunchScreen.xib in Resources */,
				BB42C1B11B74FE2500FAF2DB /* Images.xcassets in Resources */,
			);
			runOnlyForDeploymentPostprocessing = 0;
		};
		BB42C1B71B74FE2500FAF2DB /* Resources */ = {
			isa = PBXResourcesBuildPhase;
			buildActionMask = 2147483647;
			files = (
			);
			runOnlyForDeploymentPostprocessing = 0;
		};
/* End PBXResourcesBuildPhase section */

/* Begin PBXSourcesBuildPhase section */
		BB42C19C1B74FE2500FAF2DB /* Sources */ = {
			isa = PBXSourcesBuildPhase;
			buildActionMask = 2147483647;
			files = (
				BB42C1D11B75124400FAF2DB /* StrHeight.m in Sources */,
				BB42C1CE1B75041500FAF2DB /* ILAttributedStringGenerator.m in Sources */,
				40B9ED221BA7D444008937F0 /* NSTextAttachment+ILText.m in Sources */,
				BB42C1CB1B74FE6600FAF2DB /* ILTextAttachment.m in Sources */,
				BB42C1AC1B74FE2500FAF2DB /* ViewController.m in Sources */,
				BB42C1A91B74FE2500FAF2DB /* AppDelegate.m in Sources */,
				BB42C1A61B74FE2500FAF2DB /* main.m in Sources */,
			);
			runOnlyForDeploymentPostprocessing = 0;
		};
		BB42C1B51B74FE2500FAF2DB /* Sources */ = {
			isa = PBXSourcesBuildPhase;
			buildActionMask = 2147483647;
			files = (
				BB42C1C01B74FE2500FAF2DB /* TextKitDemoTests.m in Sources */,
			);
			runOnlyForDeploymentPostprocessing = 0;
		};
/* End PBXSourcesBuildPhase section */

/* Begin PBXTargetDependency section */
		BB42C1BB1B74FE2500FAF2DB /* PBXTargetDependency */ = {
			isa = PBXTargetDependency;
			target = BB42C19F1B74FE2500FAF2DB /* TextKitDemo */;
			targetProxy = BB42C1BA1B74FE2500FAF2DB /* PBXContainerItemProxy */;
		};
/* End PBXTargetDependency section */

/* Begin PBXVariantGroup section */
		BB42C1AD1B74FE2500FAF2DB /* Main.storyboard */ = {
			isa = PBXVariantGroup;
			children = (
				BB42C1AE1B74FE2500FAF2DB /* Base */,
			);
			name = Main.storyboard;
			sourceTree = "<group>";
		};
		BB42C1B21B74FE2500FAF2DB /* LaunchScreen.xib */ = {
			isa = PBXVariantGroup;
			children = (
				BB42C1B31B74FE2500FAF2DB /* Base */,
			);
			name = LaunchScreen.xib;
			sourceTree = "<group>";
		};
/* End PBXVariantGroup section */

/* Begin XCBuildConfiguration section */
		BB42C1C11B74FE2500FAF2DB /* Debug */ = {
			isa = XCBuildConfiguration;
			buildSettings = {
				ALWAYS_SEARCH_USER_PATHS = NO;
				CLANG_CXX_LANGUAGE_STANDARD = "gnu++0x";
				CLANG_CXX_LIBRARY = "libc++";
				CLANG_ENABLE_MODULES = YES;
				CLANG_ENABLE_OBJC_ARC = YES;
				CLANG_WARN_BOOL_CONVERSION = YES;
				CLANG_WARN_CONSTANT_CONVERSION = YES;
				CLANG_WARN_DIRECT_OBJC_ISA_USAGE = YES_ERROR;
				CLANG_WARN_EMPTY_BODY = YES;
				CLANG_WARN_ENUM_CONVERSION = YES;
				CLANG_WARN_INT_CONVERSION = YES;
				CLANG_WARN_OBJC_ROOT_CLASS = YES_ERROR;
				CLANG_WARN_UNREACHABLE_CODE = YES;
				CLANG_WARN__DUPLICATE_METHOD_MATCH = YES;
				"CODE_SIGN_IDENTITY[sdk=iphoneos*]" = "iPhone Developer";
				COPY_PHASE_STRIP = NO;
				DEBUG_INFORMATION_FORMAT = "dwarf-with-dsym";
				ENABLE_STRICT_OBJC_MSGSEND = YES;
				GCC_C_LANGUAGE_STANDARD = gnu99;
				GCC_DYNAMIC_NO_PIC = NO;
				GCC_NO_COMMON_BLOCKS = YES;
				GCC_OPTIMIZATION_LEVEL = 0;
				GCC_PREPROCESSOR_DEFINITIONS = (
					"DEBUG=1",
					"$(inherited)",
				);
				GCC_SYMBOLS_PRIVATE_EXTERN = NO;
				GCC_WARN_64_TO_32_BIT_CONVERSION = YES;
				GCC_WARN_ABOUT_RETURN_TYPE = YES_ERROR;
				GCC_WARN_UNDECLARED_SELECTOR = YES;
				GCC_WARN_UNINITIALIZED_AUTOS = YES_AGGRESSIVE;
				GCC_WARN_UNUSED_FUNCTION = YES;
				GCC_WARN_UNUSED_VARIABLE = YES;
				IPHONEOS_DEPLOYMENT_TARGET = 8.4;
				MTL_ENABLE_DEBUG_INFO = YES;
				ONLY_ACTIVE_ARCH = YES;
				SDKROOT = iphoneos;
			};
			name = Debug;
		};
		BB42C1C21B74FE2500FAF2DB /* Release */ = {
			isa = XCBuildConfiguration;
			buildSettings = {
				ALWAYS_SEARCH_USER_PATHS = NO;
				CLANG_CXX_LANGUAGE_STANDARD = "gnu++0x";
				CLANG_CXX_LIBRARY = "libc++";
				CLANG_ENABLE_MODULES = YES;
				CLANG_ENABLE_OBJC_ARC = YES;
				CLANG_WARN_BOOL_CONVERSION = YES;
				CLANG_WARN_CONSTANT_CONVERSION = YES;
				CLANG_WARN_DIRECT_OBJC_ISA_USAGE = YES_ERROR;
				CLANG_WARN_EMPTY_BODY = YES;
				CLANG_WARN_ENUM_CONVERSION = YES;
				CLANG_WARN_INT_CONVERSION = YES;
				CLANG_WARN_OBJC_ROOT_CLASS = YES_ERROR;
				CLANG_WARN_UNREACHABLE_CODE = YES;
				CLANG_WARN__DUPLICATE_METHOD_MATCH = YES;
				"CODE_SIGN_IDENTITY[sdk=iphoneos*]" = "iPhone Developer";
				COPY_PHASE_STRIP = NO;
				DEBUG_INFORMATION_FORMAT = "dwarf-with-dsym";
				ENABLE_NS_ASSERTIONS = NO;
				ENABLE_STRICT_OBJC_MSGSEND = YES;
				GCC_C_LANGUAGE_STANDARD = gnu99;
				GCC_NO_COMMON_BLOCKS = YES;
				GCC_WARN_64_TO_32_BIT_CONVERSION = YES;
				GCC_WARN_ABOUT_RETURN_TYPE = YES_ERROR;
				GCC_WARN_UNDECLARED_SELECTOR = YES;
				GCC_WARN_UNINITIALIZED_AUTOS = YES_AGGRESSIVE;
				GCC_WARN_UNUSED_FUNCTION = YES;
				GCC_WARN_UNUSED_VARIABLE = YES;
				IPHONEOS_DEPLOYMENT_TARGET = 8.4;
				MTL_ENABLE_DEBUG_INFO = NO;
				SDKROOT = iphoneos;
				VALIDATE_PRODUCT = YES;
			};
			name = Release;
		};
		BB42C1C41B74FE2500FAF2DB /* Debug */ = {
			isa = XCBuildConfiguration;
			buildSettings = {
				ASSETCATALOG_COMPILER_APPICON_NAME = AppIcon;
				INFOPLIST_FILE = TextKitDemo/Info.plist;
				LD_RUNPATH_SEARCH_PATHS = "$(inherited) @executable_path/Frameworks";
				PRODUCT_NAME = "$(TARGET_NAME)";
			};
			name = Debug;
		};
		BB42C1C51B74FE2500FAF2DB /* Release */ = {
			isa = XCBuildConfiguration;
			buildSettings = {
				ASSETCATALOG_COMPILER_APPICON_NAME = AppIcon;
				INFOPLIST_FILE = TextKitDemo/Info.plist;
				LD_RUNPATH_SEARCH_PATHS = "$(inherited) @executable_path/Frameworks";
				PRODUCT_NAME = "$(TARGET_NAME)";
			};
			name = Release;
		};
		BB42C1C71B74FE2500FAF2DB /* Debug */ = {
			isa = XCBuildConfiguration;
			buildSettings = {
				BUNDLE_LOADER = "$(TEST_HOST)";
				FRAMEWORK_SEARCH_PATHS = (
					"$(SDKROOT)/Developer/Library/Frameworks",
					"$(inherited)",
				);
				GCC_PREPROCESSOR_DEFINITIONS = (
					"DEBUG=1",
					"$(inherited)",
				);
				INFOPLIST_FILE = TextKitDemoTests/Info.plist;
				LD_RUNPATH_SEARCH_PATHS = "$(inherited) @executable_path/Frameworks @loader_path/Frameworks";
				PRODUCT_NAME = "$(TARGET_NAME)";
				TEST_HOST = "$(BUILT_PRODUCTS_DIR)/TextKitDemo.app/TextKitDemo";
			};
			name = Debug;
		};
		BB42C1C81B74FE2500FAF2DB /* Release */ = {
			isa = XCBuildConfiguration;
			buildSettings = {
				BUNDLE_LOADER = "$(TEST_HOST)";
				FRAMEWORK_SEARCH_PATHS = (
					"$(SDKROOT)/Developer/Library/Frameworks",
					"$(inherited)",
				);
				INFOPLIST_FILE = TextKitDemoTests/Info.plist;
				LD_RUNPATH_SEARCH_PATHS = "$(inherited) @executable_path/Frameworks @loader_path/Frameworks";
				PRODUCT_NAME = "$(TARGET_NAME)";
				TEST_HOST = "$(BUILT_PRODUCTS_DIR)/TextKitDemo.app/TextKitDemo";
			};
			name = Release;
		};
/* End XCBuildConfiguration section */

/* Begin XCConfigurationList section */
		BB42C19B1B74FE2500FAF2DB /* Build configuration list for PBXProject "TextKitDemo" */ = {
			isa = XCConfigurationList;
			buildConfigurations = (
				BB42C1C11B74FE2500FAF2DB /* Debug */,
				BB42C1C21B74FE2500FAF2DB /* Release */,
			);
			defaultConfigurationIsVisible = 0;
			defaultConfigurationName = Release;
		};
		BB42C1C31B74FE2500FAF2DB /* Build configuration list for PBXNativeTarget "TextKitDemo" */ = {
			isa = XCConfigurationList;
			buildConfigurations = (
				BB42C1C41B74FE2500FAF2DB /* Debug */,
				BB42C1C51B74FE2500FAF2DB /* Release */,
			);
			defaultConfigurationIsVisible = 0;
			defaultConfigurationName = Release;
		};
		BB42C1C61B74FE2500FAF2DB /* Build configuration list for PBXNativeTarget "TextKitDemoTests" */ = {
			isa = XCConfigurationList;
			buildConfigurations = (
				BB42C1C71B74FE2500FAF2DB /* Debug */,
				BB42C1C81B74FE2500FAF2DB /* Release */,
			);
			defaultConfigurationIsVisible = 0;
			defaultConfigurationName = Release;
		};
/* End XCConfigurationList section */
	};
	rootObject = BB42C1981B74FE2500FAF2DB /* Project object */;
}
